
Microsoft Visual Studio Solution File, Format Version 12.00
# Visual Studio 2013
VisualStudioVersion = 12.0.30501.0
MinimumVisualStudioVersion = 10.0.40219.1
Project("{FAE04EC0-301F-11D3-BF4B-00C04F79EFBC}") = "Biblioteca", "Biblioteca\Biblioteca.csproj", "{5E206A3F-E68B-4898-BF54-645121729C92}"
EndProject
Project("{FAE04EC0-301F-11D3-BF4B-00C04F79EFBC}") = "WCF", "WCF\WCF.csproj", "{E103FB3C-C3ED-4D36-8572-2D5C833D3C6A}"
EndProject
Project("{FAE04EC0-301F-11D3-BF4B-00C04F79EFBC}") = "Cliente", "clientes\Cliente.csproj", "{144B66A0-FFC1-4A03-B4DF-A35E6F2F6BDC}"
	ProjectSection(ProjectDependencies) = postProject
		{E103FB3C-C3ED-4D36-8572-2D5C833D3C6A} = {E103FB3C-C3ED-4D36-8572-2D5C833D3C6A}
	EndProjectSection
EndProject
Global
	GlobalSection(SolutionConfigurationPlatforms) = preSolution
		Debug|Any CPU = Debug|Any CPU
		Release|Any CPU = Release|Any CPU
	EndGlobalSection
	GlobalSection(ProjectConfigurationPlatforms) = postSolution
		{5E206A3F-E68B-4898-BF54-645121729C92}.Debug|Any CPU.ActiveCfg = Debug|Any CPU
		{5E206A3F-E68B-4898-BF54-645121729C92}.Debug|Any CPU.Build.0 = Debug|Any CPU
		{5E206A3F-E68B-4898-BF54-645121729C92}.Release|Any CPU.ActiveCfg = Release|Any CPU
		{5E206A3F-E68B-4898-BF54-645121729C92}.Release|Any CPU.Build.0 = Release|Any CPU
		{E103FB3C-C3ED-4D36-8572-2D5C833D3C6A}.Debug|Any CPU.ActiveCfg = Debug|Any CPU
		{E103FB3C-C3ED-4D36-8572-2D5C833D3C6A}.Debug|Any CPU.Build.0 = Debug|Any CPU
		{E103FB3C-C3ED-4D36-8572-2D5C833D3C6A}.Release|Any CPU.ActiveCfg = Release|Any CPU
		{E103FB3C-C3ED-4D36-8572-2D5C833D3C6A}.Release|Any CPU.Build.0 = Release|Any CPU
		{144B66A0-FFC1-4A03-B4DF-A35E6F2F6BDC}.Debug|Any CPU.ActiveCfg = Debug|Any CPU
		{144B66A0-FFC1-4A03-B4DF-A35E6F2F6BDC}.Debug|Any CPU.Build.0 = Debug|Any CPU
		{144B66A0-FFC1-4A03-B4DF-A35E6F2F6BDC}.Release|Any CPU.ActiveCfg = Release|Any CPU
		{144B66A0-FFC1-4A03-B4DF-A35E6F2F6BDC}.Release|Any CPU.Build.0 = Release|Any CPU
	EndGlobalSection
	GlobalSection(SolutionProperties) = preSolution
		HideSolutionNode = FALSE
	EndGlobalSection
EndGlobal
